{
    "_readme": [
        "This file locks the dependencies of your project to a known state",
        "Read more about it at https://getcomposer.org/doc/01-basic-usage.md#installing-dependencies",
        "This file is @generated automatically"
    ],
    "content-hash": "a675244fda31a34722699f87171cc21b",
    "packages": [
        {
            "name": "kartik-v/dependent-dropdown",
            "version": "v1.4.9",
            "source": {
                "type": "git",
                "url": "https://github.com/kartik-v/dependent-dropdown.git",
                "reference": "54a8806002ee21b744508a2edb95ed01d35c6cf9"
            },
            "dist": {
                "type": "zip",
                "url": "https://api.github.com/repos/kartik-v/dependent-dropdown/zipball/54a8806002ee21b744508a2edb95ed01d35c6cf9",
                "reference": "54a8806002ee21b744508a2edb95ed01d35c6cf9",
                "shasum": ""
            },
            "type": "library",
            "extra": {
                "branch-alias": {
                    "dev-master": "1.4.x-dev"
                }
            },
            "autoload": {
                "psr-4": {
                    "kartik\\plugins\\depdrop\\": ""
                }
            },
            "notification-url": "https://packagist.org/downloads/",
            "license": [
                "BSD-3-Clause"
            ],
            "authors": [
                {
                    "name": "Kartik Visweswaran",
                    "email": "kartikv2@gmail.com",
                    "homepage": "http://www.krajee.com/"
                }
            ],
            "description": "A multi level dependent dropdown JQuery plugin that allows nested dependencies.",
            "homepage": "https://github.com/kartik-v/dependent-dropdown",
            "keywords": [
                "dependent",
                "dropdown",
                "jquery",
                "option",
                "select"
            ],
            "time": "2019-03-09T10:53:11+00:00"
        },
        {
            "name": "kartik-v/yii2-krajee-base",
            "version": "v2.0.5",
            "source": {
                "type": "git",
                "url": "https://github.com/kartik-v/yii2-krajee-base.git",
                "reference": "9ddb662bdf49fdb671a90853912a40418a26a0dd"
            },
            "dist": {
                "type": "zip",
                "url": "https://api.github.com/repos/kartik-v/yii2-krajee-base/zipball/9ddb662bdf49fdb671a90853912a40418a26a0dd",
                "reference": "9ddb662bdf49fdb671a90853912a40418a26a0dd",
                "shasum": ""
            },
            "suggest": {
                "yiisoft/yii2-bootstrap": "for Krajee extensions to work with Bootstrap 3.x version",
                "yiisoft/yii2-bootstrap4": "for Krajee extensions to work with Bootstrap 4.x version"
            },
            "type": "yii2-extension",
            "extra": {
                "branch-alias": {
                    "dev-master": "2.0.x-dev"
                }
            },
            "autoload": {
                "psr-4": {
                    "kartik\\base\\": "src"
                }
            },
            "notification-url": "https://packagist.org/downloads/",
            "license": [
                "BSD-3-Clause"
            ],
            "authors": [
                {
                    "name": "Kartik Visweswaran",
                    "email": "kartikv2@gmail.com",
                    "homepage": "http://www.krajee.com/"
                }
            ],
            "description": "Base library and foundation components for all Yii2 Krajee extensions.",
            "homepage": "https://github.com/kartik-v/yii2-krajee-base",
            "keywords": [
                "base",
                "extension",
                "foundation",
                "krajee",
                "widget",
                "yii2"
            ],
            "time": "2019-03-13T17:14:54+00:00"
        },
        {
            "name": "kartik-v/yii2-widget-depdrop",
            "version": "dev-master",
            "source": {
                "type": "git",
                "url": "https://github.com/kartik-v/yii2-widget-depdrop.git",
                "reference": "4dffe1fd0c9d9d5b7e6231f6cd059dfa36d22b3b"
            },
            "dist": {
                "type": "zip",
                "url": "https://api.github.com/repos/kartik-v/yii2-widget-depdrop/zipball/4dffe1fd0c9d9d5b7e6231f6cd059dfa36d22b3b",
                "reference": "4dffe1fd0c9d9d5b7e6231f6cd059dfa36d22b3b",
                "shasum": ""
            },
            "require": {
                "kartik-v/dependent-dropdown": "~1.4",
                "kartik-v/yii2-krajee-base": ">=2.0.0"
            },
            "type": "yii2-extension",
            "extra": {
                "branch-alias": {
                    "dev-master": "1.0.x-dev"
                }
            },
            "autoload": {
                "psr-4": {
                    "kartik\\depdrop\\": "src"
                }
            },
            "notification-url": "https://packagist.org/downloads/",
            "license": [
                "BSD-3-Clause"
            ],
            "authors": [
                {
                    "name": "Kartik Visweswaran",
                    "email": "kartikv2@gmail.com",
                    "homepage": "http://www.krajee.com/"
                }
            ],
            "description": "Widget that enables setting up dependent dropdowns with nested dependencies (sub repo split from yii2-widgets)",
            "homepage": "https://github.com/kartik-v/yii2-widget-depdrop",
            "keywords": [
                "dependent",
                "dropdown",
                "extension",
                "form",
                "jquery",
                "plugin",
                "widget",
                "yii2"
            ],
            "time": "2019-05-25T07:32:15+00:00"
        },
        {
            "name": "vgrem/php-spo",
            "version": "dev-master",
            "source": {
                "type": "git",
                "url": "https://github.com/vgrem/phpSPO.git",
                "reference": "16c37020fba0afc651a0e763bb3ff049cfc47b99"
            },
            "dist": {
                "type": "zip",
                "url": "https://api.github.com/repos/vgrem/phpSPO/zipball/16c37020fba0afc651a0e763bb3ff049cfc47b99",
                "reference": "16c37020fba0afc651a0e763bb3ff049cfc47b99",
                "shasum": ""
            },
            "require": {
                "ext-curl": "*",
                "php": ">=5.4"
            },
            "require-dev": {
                "phpunit/phpunit": "5"
            },
            "type": "library",
            "autoload": {
                "psr-4": {
                    "Office365\\PHP\\Client\\": "src/"
                }
            },
            "notification-url": "https://packagist.org/downloads/",
            "license": [
                "LGPL-3.0+"
            ],
            "authors": [
                {
                    "name": "Vadim Gremyachev",
                    "email": "vvgrem@gmail.com"
                }
            ],
            "description": "The library provides a Office 365 REST client for PHP. It allows to performs CRUD operations against Office 365 resources via an REST/OData based API",
            "keywords": [
                "Office365",
                "api",
                "curl",
                "rest",
                "sharepoint"
            ],
            "time": "2019-07-02T10:37:13+00:00"
        }
    ],
    "packages-dev": [],
    "aliases": [],
    "minimum-stability": "stable",
    "stability-flags": {
        "vgrem/php-spo": 20,
        "kartik-v/yii2-widget-depdrop": 20
    },
    "prefer-stable": false,
    "prefer-lowest": false,
    "platform": [],
    "platform-dev": []
}
